{
  "version": "v1",
  "packages": {
    "@radix-ui/themes-native": {
      "signature": "6b1c91e8f402bf2f006164e52c8578cd",
      "file": true,
      "replaced": "link:.yalc/@radix-ui/themes-native"
    },
    "radix-native-ui": {
      "signature": "4f31d138bb22d4c67dffe0e53c35c317",
      "file": true
    }
  }
}