{
  "version": "v1",
  "packages": {
    "@radix-ui/themes-native": {
      "signature": "6b1c91e8f402bf2f006164e52c8578cd",
      "file": true,
      "replaced": "link:.yalc/@radix-ui/themes-native"
    },
    "radix-native-ui": {
      "signature": "6d8a92a64b5c665595fbad781d3a9e0f",
      "file": true
    }
  }
}