{
  "version": "v1",
  "packages": {
    "@radix-ui/themes-native": {
      "signature": "6b1c91e8f402bf2f006164e52c8578cd",
      "file": true,
      "replaced": "link:.yalc/@radix-ui/themes-native"
    },
    "radix-native-ui": {
      "version": "0.1.0-alpha.0",
      "signature": "bf59fb4b3d50b8daeaba5588b76743d5",
      "file": true
    }
  }
}